{
  "name": "eslint-config-sonar",
  "version": "0.0.7",
  "lockfileVersion": 1,
  "requires": true,
  "dependencies": {
    "eslint-plugin-filenames": {
      "version": "1.2.0",
      "resolved": "https://registry.npmjs.org/eslint-plugin-filenames/-/eslint-plugin-filenames-1.2.0.tgz",
      "integrity": "sha1-runByQGJyV0uSZAsFg7O7+zZn1M=",
      "requires": {
        "lodash.camelcase": "4.3.0",
        "lodash.kebabcase": "4.1.1",
        "lodash.snakecase": "4.1.1",
        "lodash.upperfirst": "4.3.1"
      }
    },
    "eslint-plugin-no-wildcard-postmessage": {
      "version": "0.2.0",
      "resolved": "https://registry.npmjs.org/eslint-plugin-no-wildcard-postmessage/-/eslint-plugin-no-wildcard-postmessage-0.2.0.tgz",
      "integrity": "sha512-PVPih3PJOZIvXyLD39YqybLJO1CdIkLN95MrQMe5qExEswJQALcVDiJktxsYpUStsfHLdWRG2QiHpT5i17kqxw=="
    },
    "eslint-plugin-sonarjs": {
      "version": "0.3.0",
      "resolved": "https://registry.npmjs.org/eslint-plugin-sonarjs/-/eslint-plugin-sonarjs-0.3.0.tgz",
      "integrity": "sha512-75e/FgU04ySKVYsrMOioINMphJNtfXq/tJ6FOC/50H9osuM0E3pqAKckMja2zl+CHqhDroz0qJdcS3kFy5GYlQ=="
    },
    "lodash.camelcase": {
      "version": "4.3.0",
      "resolved": "https://registry.npmjs.org/lodash.camelcase/-/lodash.camelcase-4.3.0.tgz",
      "integrity": "sha1-soqmKIorn8ZRA1x3EfZathkDMaY="
    },
    "lodash.kebabcase": {
      "version": "4.1.1",
      "resolved": "https://registry.npmjs.org/lodash.kebabcase/-/lodash.kebabcase-4.1.1.tgz",
      "integrity": "sha1-hImxyw0p/4gZXM7KRI/21swpXDY="
    },
    "lodash.snakecase": {
      "version": "4.1.1",
      "resolved": "https://registry.npmjs.org/lodash.snakecase/-/lodash.snakecase-4.1.1.tgz",
      "integrity": "sha1-OdcUo1NXFHg3rv1ktdy7Fr7Nj40="
    },
    "lodash.upperfirst": {
      "version": "4.3.1",
      "resolved": "https://registry.npmjs.org/lodash.upperfirst/-/lodash.upperfirst-4.3.1.tgz",
      "integrity": "sha1-E2Xt9DFIBIHvDRxolXpe2Z1J984="
    }
  }
}
